
Microsoft Visual Studio Solution File, Format Version 12.00
# Visual Studio 14
VisualStudioVersion = 14.0.24720.0
MinimumVisualStudioVersion = 10.0.40219.1
Project("{8BC9CEB8-8B4A-11D0-8D11-00A0C91BC942}") = "Files", "Files.vcxproj", "{449EC66A-E39D-4022-A36F-48A30602C6CA}"
EndProject
Project("{8BC9CEB8-8B4A-11D0-8D11-00A0C91BC942}") = "RCMake", "RCMake\RCMake.vcxproj", "{5907D19F-592D-4D19-9613-3163800545D4}"
EndProject
Global
	GlobalSection(SolutionConfigurationPlatforms) = preSolution
		Debug|x64 = Debug|x64
		Debug|x86 = Debug|x86
		Release|x64 = Release|x64
		Release|x86 = Release|x86
	EndGlobalSection
	GlobalSection(ProjectConfigurationPlatforms) = postSolution
		{449EC66A-E39D-4022-A36F-48A30602C6CA}.Debug|x64.ActiveCfg = Debug|x64
		{449EC66A-E39D-4022-A36F-48A30602C6CA}.Debug|x64.Build.0 = Debug|x64
		{449EC66A-E39D-4022-A36F-48A30602C6CA}.Debug|x86.ActiveCfg = Debug|Win32
		{449EC66A-E39D-4022-A36F-48A30602C6CA}.Debug|x86.Build.0 = Debug|Win32
		{449EC66A-E39D-4022-A36F-48A30602C6CA}.Release|x64.ActiveCfg = Release|x64
		{449EC66A-E39D-4022-A36F-48A30602C6CA}.Release|x64.Build.0 = Release|x64
		{449EC66A-E39D-4022-A36F-48A30602C6CA}.Release|x86.ActiveCfg = Release|Win32
		{449EC66A-E39D-4022-A36F-48A30602C6CA}.Release|x86.Build.0 = Release|Win32
		{5907D19F-592D-4D19-9613-3163800545D4}.Debug|x64.ActiveCfg = Debug|x64
		{5907D19F-592D-4D19-9613-3163800545D4}.Debug|x64.Build.0 = Debug|x64
		{5907D19F-592D-4D19-9613-3163800545D4}.Debug|x86.ActiveCfg = Debug|Win32
		{5907D19F-592D-4D19-9613-3163800545D4}.Debug|x86.Build.0 = Debug|Win32
		{5907D19F-592D-4D19-9613-3163800545D4}.Release|x64.ActiveCfg = Release|x64
		{5907D19F-592D-4D19-9613-3163800545D4}.Release|x64.Build.0 = Release|x64
		{5907D19F-592D-4D19-9613-3163800545D4}.Release|x86.ActiveCfg = Release|Win32
		{5907D19F-592D-4D19-9613-3163800545D4}.Release|x86.Build.0 = Release|Win32
	EndGlobalSection
	GlobalSection(SolutionProperties) = preSolution
		HideSolutionNode = FALSE
	EndGlobalSection
EndGlobal
